# This file is automatically @generated by Poetry 1.6.1 and should not be changed by hand.

[[package]]
name = "asgiref"
version = "3.2.10"
description = "ASGI specs, helper code, and adapters"
optional = false
python-versions = ">=3.5"
files = [
    {file = "asgiref-3.2.10-py3-none-any.whl", hash = "sha256:9fc6fb5d39b8af147ba40765234fa822b39818b12cc80b35ad9b0cef3a476aed"},
    {file = "asgiref-3.2.10.tar.gz", hash = "sha256:7e51911ee147dd685c3c8b805c0ad0cb58d360987b56953878f8c06d2d1c6f1a"},
]

[package.extras]
tests = ["pytest", "pytest-asyncio"]

[[package]]
name = "black"
version = "23.9.1"
description = "The uncompromising code formatter."
optional = false
python-versions = ">=3.8"
files = [
    {file = "black-23.9.1-cp310-cp310-macosx_10_16_arm64.whl", hash = "sha256:d6bc09188020c9ac2555a498949401ab35bb6bf76d4e0f8ee251694664df6301"},
    {file = "black-23.9.1-cp310-cp310-macosx_10_16_universal2.whl", hash = "sha256:13ef033794029b85dfea8032c9d3b92b42b526f1ff4bf13b2182ce4e917f5100"},
    {file = "black-23.9.1-cp310-cp310-macosx_10_16_x86_64.whl", hash = "sha256:75a2dc41b183d4872d3a500d2b9c9016e67ed95738a3624f4751a0cb4818fe71"},
    {file = "black-23.9.1-cp310-cp310-manylinux_2_17_x86_64.manylinux2014_x86_64.whl", hash = "sha256:13a2e4a93bb8ca74a749b6974925c27219bb3df4d42fc45e948a5d9feb5122b7"},
    {file = "black-23.9.1-cp310-cp310-win_amd64.whl", hash = "sha256:adc3e4442eef57f99b5590b245a328aad19c99552e0bdc7f0b04db6656debd80"},
    {file = "black-23.9.1-cp311-cp311-macosx_10_16_arm64.whl", hash = "sha256:8431445bf62d2a914b541da7ab3e2b4f3bc052d2ccbf157ebad18ea126efb91f"},
    {file = "black-23.9.1-cp311-cp311-macosx_10_16_universal2.whl", hash = "sha256:8fc1ddcf83f996247505db6b715294eba56ea9372e107fd54963c7553f2b6dfe"},
    {file = "black-23.9.1-cp311-cp311-macosx_10_16_x86_64.whl", hash = "sha256:7d30ec46de88091e4316b17ae58bbbfc12b2de05e069030f6b747dfc649ad186"},
    {file = "black-23.9.1-cp311-cp311-manylinux_2_17_x86_64.manylinux2014_x86_64.whl", hash = "sha256:031e8c69f3d3b09e1aa471a926a1eeb0b9071f80b17689a655f7885ac9325a6f"},
    {file = "black-23.9.1-cp311-cp311-win_amd64.whl", hash = "sha256:538efb451cd50f43aba394e9ec7ad55a37598faae3348d723b59ea8e91616300"},
    {file = "black-23.9.1-cp38-cp38-macosx_10_16_arm64.whl", hash = "sha256:638619a559280de0c2aa4d76f504891c9860bb8fa214267358f0a20f27c12948"},
    {file = "black-23.9.1-cp38-cp38-macosx_10_16_universal2.whl", hash = "sha256:a732b82747235e0542c03bf352c126052c0fbc458d8a239a94701175b17d4855"},
    {file = "black-23.9.1-cp38-cp38-macosx_10_16_x86_64.whl", hash = "sha256:cf3a4d00e4cdb6734b64bf23cd4341421e8953615cba6b3670453737a72ec204"},
    {file = "black-23.9.1-cp38-cp38-manylinux_2_17_x86_64.manylinux2014_x86_64.whl", hash = "sha256:cf99f3de8b3273a8317681d8194ea222f10e0133a24a7548c73ce44ea1679377"},
    {file = "black-23.9.1-cp38-cp38-win_amd64.whl", hash = "sha256:14f04c990259576acd093871e7e9b14918eb28f1866f91968ff5524293f9c573"},
    {file = "black-23.9.1-cp39-cp39-macosx_10_16_arm64.whl", hash = "sha256:c619f063c2d68f19b2d7270f4cf3192cb81c9ec5bc5ba02df91471d0b88c4c5c"},
    {file = "black-23.9.1-cp39-cp39-macosx_10_16_universal2.whl", hash = "sha256:6a3b50e4b93f43b34a9d3ef00d9b6728b4a722c997c99ab09102fd5efdb88325"},
    {file = "black-23.9.1-cp39-cp39-macosx_10_16_x86_64.whl", hash = "sha256:c46767e8df1b7beefb0899c4a95fb43058fa8500b6db144f4ff3ca38eb2f6393"},
    {file = "black-23.9.1-cp39-cp39-manylinux_2_17_x86_64.manylinux2014_x86_64.whl", hash = "sha256:50254ebfa56aa46a9fdd5d651f9637485068a1adf42270148cd101cdf56e0ad9"},
    {file = "black-23.9.1-cp39-cp39-win_amd64.whl", hash = "sha256:403397c033adbc45c2bd41747da1f7fc7eaa44efbee256b53842470d4ac5a70f"},
    {file = "black-23.9.1-py3-none-any.whl", hash = "sha256:6ccd59584cc834b6d127628713e4b6b968e5f79572da66284532525a042549f9"},
    {file = "black-23.9.1.tar.gz", hash = "sha256:24b6b3ff5c6d9ea08a8888f6977eae858e1f340d7260cf56d70a49823236b62d"},
]

[package.dependencies]
click = ">=8.0.0"
mypy-extensions = ">=0.4.3"
packaging = ">=22.0"
pathspec = ">=0.9.0"
platformdirs = ">=2"
tomli = {version = ">=1.1.0", markers = "python_version < \"3.11\""}
typing-extensions = {version = ">=4.0.1", markers = "python_version < \"3.11\""}

[package.extras]
colorama = ["colorama (>=0.4.3)"]
d = ["aiohttp (>=3.7.4)"]
jupyter = ["ipython (>=7.8.0)", "tokenize-rt (>=3.2.0)"]
uvloop = ["uvloop (>=0.15.2)"]

[[package]]
name = "click"
version = "8.1.7"
description = "Composable command line interface toolkit"
optional = false
python-versions = ">=3.7"
files = [
    {file = "click-8.1.7-py3-none-any.whl", hash = "sha256:ae74fb96c20a0277a1d615f1e4d73c8414f5a98db8b799a7931d1582f3390c28"},
    {file = "click-8.1.7.tar.gz", hash = "sha256:ca9853ad459e787e2192211578cc907e7594e294c7ccc834310722b41b9ca6de"},
]

[package.dependencies]
colorama = {version = "*", markers = "platform_system == \"Windows\""}

[[package]]
name = "colorama"
version = "0.4.6"
description = "Cross-platform colored terminal text."
optional = false
python-versions = "!=3.0.*,!=3.1.*,!=3.2.*,!=3.3.*,!=3.4.*,!=3.5.*,!=3.6.*,>=2.7"
files = [
    {file = "colorama-0.4.6-py2.py3-none-any.whl", hash = "sha256:4f1d9991f5acc0ca119f9d443620b77f9d6b33703e51011c16baf57afb285fc6"},
    {file = "colorama-0.4.6.tar.gz", hash = "sha256:08695f5cb7ed6e0531a20572697297273c47b8cae5a63ffc6d6ed5c201be6e44"},
]

[[package]]
name = "django"
version = "3.1.1"
description = "A high-level Python Web framework that encourages rapid development and clean, pragmatic design."
optional = false
python-versions = ">=3.6"
files = [
    {file = "Django-3.1.1-py3-none-any.whl", hash = "sha256:b5fbb818e751f660fa2d576d9f40c34a4c615c8b48dd383f5216e609f383371f"},
    {file = "Django-3.1.1.tar.gz", hash = "sha256:59c8125ca873ed3bdae9c12b146fbbd6ed8d0f743e4cf5f5817af50c51f1fc2f"},
]

[package.dependencies]
asgiref = ">=3.2.10,<3.3.0"
pytz = "*"
sqlparse = ">=0.2.2"

[package.extras]
argon2 = ["argon2-cffi (>=16.1.0)"]
bcrypt = ["bcrypt"]

[[package]]
name = "django-ninja"
version = "0.22.2"
description = "Django Ninja - Fast Django REST framework"
optional = false
python-versions = ">=3.7"
files = [
    {file = "django_ninja-0.22.2-py3-none-any.whl", hash = "sha256:c53b098a8190f373ea2605c276a6061d48b2626500a9c6b9916c503e4b4a20eb"},
    {file = "django_ninja-0.22.2.tar.gz", hash = "sha256:913ebde7571d6a6968c9ac0b9e8a24680c46444d44fdd552f8831dbeede1292c"},
]

[package.dependencies]
Django = ">=2.2"
pydantic = ">=1.6,<2.0.0"

[package.extras]
dev = ["pre-commit"]
doc = ["markdown-include", "mkdocs", "mkdocs-material", "mkdocstrings"]
test = ["black", "django-stubs", "flake8", "isort", "mypy (==0.931)", "psycopg2-binary", "pytest", "pytest-asyncio", "pytest-cov", "pytest-django"]

[[package]]
name = "exceptiongroup"
version = "1.1.3"
description = "Backport of PEP 654 (exception groups)"
optional = false
python-versions = ">=3.7"
files = [
    {file = "exceptiongroup-1.1.3-py3-none-any.whl", hash = "sha256:343280667a4585d195ca1cf9cef84a4e178c4b6cf2274caef9859782b567d5e3"},
    {file = "exceptiongroup-1.1.3.tar.gz", hash = "sha256:097acd85d473d75af5bb98e41b61ff7fe35efe6675e4f9370ec6ec5126d160e9"},
]

[package.extras]
test = ["pytest (>=6)"]

[[package]]
name = "iniconfig"
version = "2.0.0"
description = "brain-dead simple config-ini parsing"
optional = false
python-versions = ">=3.7"
files = [
    {file = "iniconfig-2.0.0-py3-none-any.whl", hash = "sha256:b6a85871a79d2e3b22d2d1b94ac2824226a63c6b741c88f7ae975f18b6778374"},
    {file = "iniconfig-2.0.0.tar.gz", hash = "sha256:2d91e135bf72d31a410b17c16da610a82cb55f6b0477d1a902134b24a455b8b3"},
]

[[package]]
name = "mypy-extensions"
version = "1.0.0"
description = "Type system extensions for programs checked with the mypy type checker."
optional = false
python-versions = ">=3.5"
files = [
    {file = "mypy_extensions-1.0.0-py3-none-any.whl", hash = "sha256:4392f6c0eb8a5668a69e23d168ffa70f0be9ccfd32b5cc2d26a34ae5b844552d"},
    {file = "mypy_extensions-1.0.0.tar.gz", hash = "sha256:75dbf8955dc00442a438fc4d0666508a9a97b6bd41aa2f0ffe9d2f2725af0782"},
]

[[package]]
name = "packaging"
version = "23.1"
description = "Core utilities for Python packages"
optional = false
python-versions = ">=3.7"
files = [
    {file = "packaging-23.1-py3-none-any.whl", hash = "sha256:994793af429502c4ea2ebf6bf664629d07c1a9fe974af92966e4b8d2df7edc61"},
    {file = "packaging-23.1.tar.gz", hash = "sha256:a392980d2b6cffa644431898be54b0045151319d1e7ec34f0cfed48767dd334f"},
]

[[package]]
name = "pathspec"
version = "0.11.2"
description = "Utility library for gitignore style pattern matching of file paths."
optional = false
python-versions = ">=3.7"
files = [
    {file = "pathspec-0.11.2-py3-none-any.whl", hash = "sha256:1d6ed233af05e679efb96b1851550ea95bbb64b7c490b0f5aa52996c11e92a20"},
    {file = "pathspec-0.11.2.tar.gz", hash = "sha256:e0d8d0ac2f12da61956eb2306b69f9469b42f4deb0f3cb6ed47b9cce9996ced3"},
]

[[package]]
name = "platformdirs"
version = "3.10.0"
description = "A small Python package for determining appropriate platform-specific dirs, e.g. a \"user data dir\"."
optional = false
python-versions = ">=3.7"
files = [
    {file = "platformdirs-3.10.0-py3-none-any.whl", hash = "sha256:d7c24979f292f916dc9cbf8648319032f551ea8c49a4c9bf2fb556a02070ec1d"},
    {file = "platformdirs-3.10.0.tar.gz", hash = "sha256:b45696dab2d7cc691a3226759c0d3b00c47c8b6e293d96f6436f733303f77f6d"},
]

[package.extras]
docs = ["furo (>=2023.7.26)", "proselint (>=0.13)", "sphinx (>=7.1.1)", "sphinx-autodoc-typehints (>=1.24)"]
test = ["appdirs (==1.4.4)", "covdefaults (>=2.3)", "pytest (>=7.4)", "pytest-cov (>=4.1)", "pytest-mock (>=3.11.1)"]

[[package]]
name = "pluggy"
version = "1.3.0"
description = "plugin and hook calling mechanisms for python"
optional = false
python-versions = ">=3.8"
files = [
    {file = "pluggy-1.3.0-py3-none-any.whl", hash = "sha256:d89c696a773f8bd377d18e5ecda92b7a3793cbe66c87060a6fb58c7b6e1061f7"},
    {file = "pluggy-1.3.0.tar.gz", hash = "sha256:cf61ae8f126ac6f7c451172cf30e3e43d3ca77615509771b3a984a0730651e12"},
]

[package.extras]
dev = ["pre-commit", "tox"]
testing = ["pytest", "pytest-benchmark"]

[[package]]
name = "psycopg2-binary"
version = "2.9.8"
description = "psycopg2 - Python-PostgreSQL Database Adapter"
optional = false
python-versions = ">=3.6"
files = [
    {file = "psycopg2-binary-2.9.8.tar.gz", hash = "sha256:80451e6b6b7c486828d5c7ed50769532bbb04ec3a411f1e833539d5c10eb691c"},
    {file = "psycopg2_binary-2.9.8-cp310-cp310-macosx_10_9_x86_64.whl", hash = "sha256:e271ad6692d50d70ca75db3bd461bfc26316de78de8fe1f504ef16dcea8f2312"},
    {file = "psycopg2_binary-2.9.8-cp310-cp310-macosx_11_0_arm64.whl", hash = "sha256:3ae22a0fa5c516b84ddb189157fabfa3f12eded5d630e1ce260a18e1771f8707"},
    {file = "psycopg2_binary-2.9.8-cp310-cp310-manylinux_2_17_aarch64.manylinux2014_aarch64.whl", hash = "sha256:9a971086db0069aef2fd22ccffb670baac427f4ee2174c4f5c7206254f1e6794"},
    {file = "psycopg2_binary-2.9.8-cp310-cp310-manylinux_2_17_i686.manylinux2014_i686.whl", hash = "sha256:3b6928a502af71ca2ac9aad535e78c8309892ed3bfa7933182d4c760580c8af4"},
    {file = "psycopg2_binary-2.9.8-cp310-cp310-manylinux_2_17_ppc64le.manylinux2014_ppc64le.whl", hash = "sha256:5f955fe6301b84b6fd13970a05f3640fbb62ca3a0d19342356585006c830e038"},
    {file = "psycopg2_binary-2.9.8-cp310-cp310-manylinux_2_17_x86_64.manylinux2014_x86_64.whl", hash = "sha256:3723c3f009e2b2771f2491b330edb7091846f1aad0c08fbbd9a1383d6a0c0841"},
    {file = "psycopg2_binary-2.9.8-cp310-cp310-musllinux_1_1_aarch64.whl", hash = "sha256:e3142c7e51b92855cff300580de949e36a94ab3bfa8f353b27fe26535e9b3542"},
    {file = "psycopg2_binary-2.9.8-cp310-cp310-musllinux_1_1_i686.whl", hash = "sha256:de85105c568dc5f0f0efe793209ba83e4675d53d00faffc7a7c7a8bea9e0e19a"},
    {file = "psycopg2_binary-2.9.8-cp310-cp310-musllinux_1_1_ppc64le.whl", hash = "sha256:c7ff2b6a79a92b1b169b03bb91b41806843f0cdf6055256554495bffed1d496d"},
    {file = "psycopg2_binary-2.9.8-cp310-cp310-musllinux_1_1_x86_64.whl", hash = "sha256:59f45cca0765aabb52a5822c72d5ff2ec46a28b1c1702de90dc0d306ec5c2001"},
    {file = "psycopg2_binary-2.9.8-cp310-cp310-win32.whl", hash = "sha256:1dbad789ebd1e61201256a19dc2e90fed4706bc966ccad4f374648e5336b1ab4"},
    {file = "psycopg2_binary-2.9.8-cp310-cp310-win_amd64.whl", hash = "sha256:15458c81b0d199ab55825007115f697722831656e6477a427783fe75c201c82b"},
    {file = "psycopg2_binary-2.9.8-cp311-cp311-macosx_10_9_x86_64.whl", hash = "sha256:395c217156723fe21809dfe8f7a433c5bf8e9bce229944668e4ec709c37c5442"},
    {file = "psycopg2_binary-2.9.8-cp311-cp311-macosx_11_0_arm64.whl", hash = "sha256:14f85ff2d5d826a7ce9e6c31e803281ed5a096789f47f52cb728c88f488de01b"},
    {file = "psycopg2_binary-2.9.8-cp311-cp311-manylinux_2_17_aarch64.manylinux2014_aarch64.whl", hash = "sha256:e11373d8e4f1f46cf3065bf613f0df9854803dc95aa4a35354ffac19f8c52127"},
    {file = "psycopg2_binary-2.9.8-cp311-cp311-manylinux_2_17_i686.manylinux2014_i686.whl", hash = "sha256:01f9731761f711e42459f87bd2ad5d744b9773b5dd05446f3b579a0f077e78e3"},
    {file = "psycopg2_binary-2.9.8-cp311-cp311-manylinux_2_17_ppc64le.manylinux2014_ppc64le.whl", hash = "sha256:54bf5c27bd5867a5fa5341fad29f0d5838e2fed617ef5346884baf8b8b16dd82"},
    {file = "psycopg2_binary-2.9.8-cp311-cp311-manylinux_2_17_x86_64.manylinux2014_x86_64.whl", hash = "sha256:4bfabbd7e70785af726cc0209e8e64b926abf91741eca80678b221aad9e72135"},
    {file = "psycopg2_binary-2.9.8-cp311-cp311-musllinux_1_1_aarch64.whl", hash = "sha256:6369f4bd4d27944498094dccced1ae7ca43376a59dbfe4c8b6a16e9e3dc3ccce"},
    {file = "psycopg2_binary-2.9.8-cp311-cp311-musllinux_1_1_i686.whl", hash = "sha256:4879ee1d07a6b2c232ae6a74570f4788cd7a29b3cd38bc39bf60225b1d075c78"},
    {file = "psycopg2_binary-2.9.8-cp311-cp311-musllinux_1_1_ppc64le.whl", hash = "sha256:4336afc0e81726350bd5863e3c3116d8c12aa7f457d3d0b3b3dc36137fec6feb"},
    {file = "psycopg2_binary-2.9.8-cp311-cp311-musllinux_1_1_x86_64.whl", hash = "sha256:63ce1dccfd08d9c5341ac82d62aa04345bc4bf41b5e5b7b2c6c172a28e0eda27"},
    {file = "psycopg2_binary-2.9.8-cp311-cp311-win32.whl", hash = "sha256:59421806c1a0803ea7de9ed061d656c041a84db0da7e73266b98db4c7ba263da"},
    {file = "psycopg2_binary-2.9.8-cp311-cp311-win_amd64.whl", hash = "sha256:ccaa2ae03990cedde1f618ff11ec89fefa84622da73091a67b44553ca8be6711"},
    {file = "psycopg2_binary-2.9.8-cp37-cp37m-macosx_10_9_x86_64.whl", hash = "sha256:5aa0c99c12075c593dcdccbb8a7aaa714b716560cc99ef9206f9e75b77520801"},
    {file = "psycopg2_binary-2.9.8-cp37-cp37m-manylinux_2_17_aarch64.manylinux2014_aarch64.whl", hash = "sha256:91719f53ed2a95ebecefac48d855d811cba9d9fe300acc162993bdfde9bc1c3b"},
    {file = "psycopg2_binary-2.9.8-cp37-cp37m-manylinux_2_17_i686.manylinux2014_i686.whl", hash = "sha256:c68a2e1afb4f2a5bb4b7bb8f90298d21196ac1c66418523e549430b8c4b7cb1e"},
    {file = "psycopg2_binary-2.9.8-cp37-cp37m-manylinux_2_17_ppc64le.manylinux2014_ppc64le.whl", hash = "sha256:278ebd63ced5a5f3af5394cb75a9a067243eee21f42f0126c6f1cf85eaeb90f9"},
    {file = "psycopg2_binary-2.9.8-cp37-cp37m-manylinux_2_17_x86_64.manylinux2014_x86_64.whl", hash = "sha256:8c84ff9682bc4520504c474e189b3de7c4a4029e529c8b775e39c95c33073767"},
    {file = "psycopg2_binary-2.9.8-cp37-cp37m-musllinux_1_1_aarch64.whl", hash = "sha256:6f5e70e40dae47a4dc7f8eb390753bb599b0f4ede314580e6faa3b7383695d19"},
    {file = "psycopg2_binary-2.9.8-cp37-cp37m-musllinux_1_1_i686.whl", hash = "sha256:673eafbdaa4ed9f5164c90e191c3895cc5f866b9b379fdb59f3a2294e914d9bd"},
    {file = "psycopg2_binary-2.9.8-cp37-cp37m-musllinux_1_1_ppc64le.whl", hash = "sha256:5a0a6e4004697ec98035ff3b8dfc4dba8daa477b23ee891d831cd3cd65ace6be"},
    {file = "psycopg2_binary-2.9.8-cp37-cp37m-musllinux_1_1_x86_64.whl", hash = "sha256:d29efab3c5d6d978115855a0f2643e0ee8c6450dc536d5b4afec6f52ab99e99e"},
    {file = "psycopg2_binary-2.9.8-cp37-cp37m-win32.whl", hash = "sha256:d4a19a3332f2ac6d093e60a6f1c589f97eb9f9de7e27ea80d67f188384e31572"},
    {file = "psycopg2_binary-2.9.8-cp37-cp37m-win_amd64.whl", hash = "sha256:5262713988d97a9d4cd54b682dec4a413b87b76790e5b16f480450550d11a8f7"},
    {file = "psycopg2_binary-2.9.8-cp38-cp38-macosx_10_9_x86_64.whl", hash = "sha256:e46b0f4683539965ce849f2c13fc53e323bb08d84d4ba2e4b3d976f364c84210"},
    {file = "psycopg2_binary-2.9.8-cp38-cp38-macosx_11_0_arm64.whl", hash = "sha256:3fd44b52bc9c74c1512662e8da113a1c55127adeeacebaf460babe766517b049"},
    {file = "psycopg2_binary-2.9.8-cp38-cp38-manylinux_2_17_aarch64.manylinux2014_aarch64.whl", hash = "sha256:3b6c607ecb6a9c245ebe162d63ccd9222d38efa3c858bbe38d32810b08b8f87e"},
    {file = "psycopg2_binary-2.9.8-cp38-cp38-manylinux_2_17_i686.manylinux2014_i686.whl", hash = "sha256:e6ef615d48fa60361e57f998327046bd89679c25d06eee9e78156be5a7a76e03"},
    {file = "psycopg2_binary-2.9.8-cp38-cp38-manylinux_2_17_ppc64le.manylinux2014_ppc64le.whl", hash = "sha256:65403113ac3a4813a1409fb6a1e43c658b459cc8ed8afcc5f4baf02ec8be4334"},
    {file = "psycopg2_binary-2.9.8-cp38-cp38-manylinux_2_17_x86_64.manylinux2014_x86_64.whl", hash = "sha256:5debcb23a052f3fb4c165789ea513b562b2fac0f0f4f53eaf3cf4dc648907ff8"},
    {file = "psycopg2_binary-2.9.8-cp38-cp38-musllinux_1_1_aarch64.whl", hash = "sha256:dc145a241e1f6381efb924bcf3e3462d6020b8a147363f9111eb0a9c89331ad7"},
    {file = "psycopg2_binary-2.9.8-cp38-cp38-musllinux_1_1_i686.whl", hash = "sha256:1d669887df169a9b0c09e0f5b46891511850a9ddfcde3593408af9d9774c5c3a"},
    {file = "psycopg2_binary-2.9.8-cp38-cp38-musllinux_1_1_ppc64le.whl", hash = "sha256:19d40993701e39c49b50e75cd690a6af796d7e7210941ee0fe49cf12b25840e5"},
    {file = "psycopg2_binary-2.9.8-cp38-cp38-musllinux_1_1_x86_64.whl", hash = "sha256:4b8b2cdf3bce4dd91dc035fbff4eb812f5607dda91364dc216b0920b97b521c7"},
    {file = "psycopg2_binary-2.9.8-cp38-cp38-win32.whl", hash = "sha256:4960c881471ca710b81a67ef148c33ee121c1f8e47a639cf7e06537fe9fee337"},
    {file = "psycopg2_binary-2.9.8-cp38-cp38-win_amd64.whl", hash = "sha256:aeb09db95f38e75ae04e947d283e07be34d03c4c2ace4f0b73dbb9143d506e67"},
    {file = "psycopg2_binary-2.9.8-cp39-cp39-macosx_10_9_x86_64.whl", hash = "sha256:5aef3296d44d05805e634dbbd2972aa8eb7497926dd86047f5e39a79c3ecc086"},
    {file = "psycopg2_binary-2.9.8-cp39-cp39-macosx_11_0_arm64.whl", hash = "sha256:4d6b592ecc8667e608b9e7344259fbfb428cc053df0062ec3ac75d8270cd5a9f"},
    {file = "psycopg2_binary-2.9.8-cp39-cp39-manylinux_2_17_aarch64.manylinux2014_aarch64.whl", hash = "sha256:693a4e7641556f0b421a7d6c6a74058aead407d860ac1cb9d0bf25be0ca73de8"},
    {file = "psycopg2_binary-2.9.8-cp39-cp39-manylinux_2_17_i686.manylinux2014_i686.whl", hash = "sha256:cf60c599c40c266a01c458e9c71db7132b11760f98f08233f19b3e0a2153cbf1"},
    {file = "psycopg2_binary-2.9.8-cp39-cp39-manylinux_2_17_ppc64le.manylinux2014_ppc64le.whl", hash = "sha256:5cbe1e19f59950afd66764e3c905ecee9f2aee9f8df2ef35af6f7948ad93f620"},
    {file = "psycopg2_binary-2.9.8-cp39-cp39-manylinux_2_17_x86_64.manylinux2014_x86_64.whl", hash = "sha256:fc37de7e3a87f5966965fc874d33c9b68d638e6c3718fdf32a5083de563428b0"},
    {file = "psycopg2_binary-2.9.8-cp39-cp39-musllinux_1_1_aarch64.whl", hash = "sha256:6e1bb4eb0d9925d65dabaaabcbb279fab444ba66d73f86d4c07dfd11f0139c06"},
    {file = "psycopg2_binary-2.9.8-cp39-cp39-musllinux_1_1_i686.whl", hash = "sha256:e7bdc94217ae20ad03b375a991e107a31814053bee900ad8c967bf82ef3ff02e"},
    {file = "psycopg2_binary-2.9.8-cp39-cp39-musllinux_1_1_ppc64le.whl", hash = "sha256:565edaf9f691b17a7fdbabd368b5b3e67d0fdc8f7f6b52177c1d3289f4e763fd"},
    {file = "psycopg2_binary-2.9.8-cp39-cp39-musllinux_1_1_x86_64.whl", hash = "sha256:0e3071c947bda6afc6fe2e7b64ebd64fb2cad1bc0e705a3594cb499291f2dfec"},
    {file = "psycopg2_binary-2.9.8-cp39-cp39-win32.whl", hash = "sha256:205cecdd81ff4f1ddd687ce7d06879b9b80cccc428d8d6ebf36fcba08bb6d361"},
    {file = "psycopg2_binary-2.9.8-cp39-cp39-win_amd64.whl", hash = "sha256:1f279ba74f0d6b374526e5976c626d2ac3b8333b6a7b08755c513f4d380d3add"},
]

[[package]]
name = "pydantic"
version = "1.10.13"
description = "Data validation and settings management using python type hints"
optional = false
python-versions = ">=3.7"
files = [
    {file = "pydantic-1.10.13-cp310-cp310-macosx_10_9_x86_64.whl", hash = "sha256:efff03cc7a4f29d9009d1c96ceb1e7a70a65cfe86e89d34e4a5f2ab1e5693737"},
    {file = "pydantic-1.10.13-cp310-cp310-macosx_11_0_arm64.whl", hash = "sha256:3ecea2b9d80e5333303eeb77e180b90e95eea8f765d08c3d278cd56b00345d01"},
    {file = "pydantic-1.10.13-cp310-cp310-manylinux_2_17_x86_64.manylinux2014_x86_64.whl", hash = "sha256:1740068fd8e2ef6eb27a20e5651df000978edce6da6803c2bef0bc74540f9548"},
    {file = "pydantic-1.10.13-cp310-cp310-manylinux_2_5_i686.manylinux1_i686.manylinux_2_17_i686.manylinux2014_i686.whl", hash = "sha256:84bafe2e60b5e78bc64a2941b4c071a4b7404c5c907f5f5a99b0139781e69ed8"},
    {file = "pydantic-1.10.13-cp310-cp310-musllinux_1_1_i686.whl", hash = "sha256:bc0898c12f8e9c97f6cd44c0ed70d55749eaf783716896960b4ecce2edfd2d69"},
    {file = "pydantic-1.10.13-cp310-cp310-musllinux_1_1_x86_64.whl", hash = "sha256:654db58ae399fe6434e55325a2c3e959836bd17a6f6a0b6ca8107ea0571d2e17"},
    {file = "pydantic-1.10.13-cp310-cp310-win_amd64.whl", hash = "sha256:75ac15385a3534d887a99c713aa3da88a30fbd6204a5cd0dc4dab3d770b9bd2f"},
    {file = "pydantic-1.10.13-cp311-cp311-macosx_10_9_x86_64.whl", hash = "sha256:c553f6a156deb868ba38a23cf0df886c63492e9257f60a79c0fd8e7173537653"},
    {file = "pydantic-1.10.13-cp311-cp311-macosx_11_0_arm64.whl", hash = "sha256:5e08865bc6464df8c7d61439ef4439829e3ab62ab1669cddea8dd00cd74b9ffe"},
    {file = "pydantic-1.10.13-cp311-cp311-manylinux_2_17_x86_64.manylinux2014_x86_64.whl", hash = "sha256:e31647d85a2013d926ce60b84f9dd5300d44535a9941fe825dc349ae1f760df9"},
    {file = "pydantic-1.10.13-cp311-cp311-manylinux_2_5_i686.manylinux1_i686.manylinux_2_17_i686.manylinux2014_i686.whl", hash = "sha256:210ce042e8f6f7c01168b2d84d4c9eb2b009fe7bf572c2266e235edf14bacd80"},
    {file = "pydantic-1.10.13-cp311-cp311-musllinux_1_1_i686.whl", hash = "sha256:8ae5dd6b721459bfa30805f4c25880e0dd78fc5b5879f9f7a692196ddcb5a580"},
    {file = "pydantic-1.10.13-cp311-cp311-musllinux_1_1_x86_64.whl", hash = "sha256:f8e81fc5fb17dae698f52bdd1c4f18b6ca674d7068242b2aff075f588301bbb0"},
    {file = "pydantic-1.10.13-cp311-cp311-win_amd64.whl", hash = "sha256:61d9dce220447fb74f45e73d7ff3b530e25db30192ad8d425166d43c5deb6df0"},
    {file = "pydantic-1.10.13-cp37-cp37m-macosx_10_9_x86_64.whl", hash = "sha256:4b03e42ec20286f052490423682016fd80fda830d8e4119f8ab13ec7464c0132"},
    {file = "pydantic-1.10.13-cp37-cp37m-manylinux_2_17_x86_64.manylinux2014_x86_64.whl", hash = "sha256:f59ef915cac80275245824e9d771ee939133be38215555e9dc90c6cb148aaeb5"},
    {file = "pydantic-1.10.13-cp37-cp37m-manylinux_2_5_i686.manylinux1_i686.manylinux_2_17_i686.manylinux2014_i686.whl", hash = "sha256:5a1f9f747851338933942db7af7b6ee8268568ef2ed86c4185c6ef4402e80ba8"},
    {file = "pydantic-1.10.13-cp37-cp37m-musllinux_1_1_i686.whl", hash = "sha256:97cce3ae7341f7620a0ba5ef6cf043975cd9d2b81f3aa5f4ea37928269bc1b87"},
    {file = "pydantic-1.10.13-cp37-cp37m-musllinux_1_1_x86_64.whl", hash = "sha256:854223752ba81e3abf663d685f105c64150873cc6f5d0c01d3e3220bcff7d36f"},
    {file = "pydantic-1.10.13-cp37-cp37m-win_amd64.whl", hash = "sha256:b97c1fac8c49be29486df85968682b0afa77e1b809aff74b83081cc115e52f33"},
    {file = "pydantic-1.10.13-cp38-cp38-macosx_10_9_x86_64.whl", hash = "sha256:c958d053453a1c4b1c2062b05cd42d9d5c8eb67537b8d5a7e3c3032943ecd261"},
    {file = "pydantic-1.10.13-cp38-cp38-macosx_11_0_arm64.whl", hash = "sha256:4c5370a7edaac06daee3af1c8b1192e305bc102abcbf2a92374b5bc793818599"},
    {file = "pydantic-1.10.13-cp38-cp38-manylinux_2_17_x86_64.manylinux2014_x86_64.whl", hash = "sha256:7d6f6e7305244bddb4414ba7094ce910560c907bdfa3501e9db1a7fd7eaea127"},
    {file = "pydantic-1.10.13-cp38-cp38-manylinux_2_5_i686.manylinux1_i686.manylinux_2_17_i686.manylinux2014_i686.whl", hash = "sha256:d3a3c792a58e1622667a2837512099eac62490cdfd63bd407993aaf200a4cf1f"},
    {file = "pydantic-1.10.13-cp38-cp38-musllinux_1_1_i686.whl", hash = "sha256:c636925f38b8db208e09d344c7aa4f29a86bb9947495dd6b6d376ad10334fb78"},
    {file = "pydantic-1.10.13-cp38-cp38-musllinux_1_1_x86_64.whl", hash = "sha256:678bcf5591b63cc917100dc50ab6caebe597ac67e8c9ccb75e698f66038ea953"},
    {file = "pydantic-1.10.13-cp38-cp38-win_amd64.whl", hash = "sha256:6cf25c1a65c27923a17b3da28a0bdb99f62ee04230c931d83e888012851f4e7f"},
    {file = "pydantic-1.10.13-cp39-cp39-macosx_10_9_x86_64.whl", hash = "sha256:8ef467901d7a41fa0ca6db9ae3ec0021e3f657ce2c208e98cd511f3161c762c6"},
    {file = "pydantic-1.10.13-cp39-cp39-macosx_11_0_arm64.whl", hash = "sha256:968ac42970f57b8344ee08837b62f6ee6f53c33f603547a55571c954a4225691"},
    {file = "pydantic-1.10.13-cp39-cp39-manylinux_2_17_x86_64.manylinux2014_x86_64.whl", hash = "sha256:9849f031cf8a2f0a928fe885e5a04b08006d6d41876b8bbd2fc68a18f9f2e3fd"},
    {file = "pydantic-1.10.13-cp39-cp39-manylinux_2_5_i686.manylinux1_i686.manylinux_2_17_i686.manylinux2014_i686.whl", hash = "sha256:56e3ff861c3b9c6857579de282ce8baabf443f42ffba355bf070770ed63e11e1"},
    {file = "pydantic-1.10.13-cp39-cp39-musllinux_1_1_i686.whl", hash = "sha256:9f00790179497767aae6bcdc36355792c79e7bbb20b145ff449700eb076c5f96"},
    {file = "pydantic-1.10.13-cp39-cp39-musllinux_1_1_x86_64.whl", hash = "sha256:75b297827b59bc229cac1a23a2f7a4ac0031068e5be0ce385be1462e7e17a35d"},
    {file = "pydantic-1.10.13-cp39-cp39-win_amd64.whl", hash = "sha256:e70ca129d2053fb8b728ee7d1af8e553a928d7e301a311094b8a0501adc8763d"},
    {file = "pydantic-1.10.13-py3-none-any.whl", hash = "sha256:b87326822e71bd5f313e7d3bfdc77ac3247035ac10b0c0618bd99dcf95b1e687"},
    {file = "pydantic-1.10.13.tar.gz", hash = "sha256:32c8b48dcd3b2ac4e78b0ba4af3a2c2eb6048cb75202f0ea7b34feb740efc340"},
]

[package.dependencies]
typing-extensions = ">=4.2.0"

[package.extras]
dotenv = ["python-dotenv (>=0.10.4)"]
email = ["email-validator (>=1.0.3)"]

[[package]]
name = "pytest"
version = "7.4.2"
description = "pytest: simple powerful testing with Python"
optional = false
python-versions = ">=3.7"
files = [
    {file = "pytest-7.4.2-py3-none-any.whl", hash = "sha256:1d881c6124e08ff0a1bb75ba3ec0bfd8b5354a01c194ddd5a0a870a48d99b002"},
    {file = "pytest-7.4.2.tar.gz", hash = "sha256:a766259cfab564a2ad52cb1aae1b881a75c3eb7e34ca3779697c23ed47c47069"},
]

[package.dependencies]
colorama = {version = "*", markers = "sys_platform == \"win32\""}
exceptiongroup = {version = ">=1.0.0rc8", markers = "python_version < \"3.11\""}
iniconfig = "*"
packaging = "*"
pluggy = ">=0.12,<2.0"
tomli = {version = ">=1.0.0", markers = "python_version < \"3.11\""}

[package.extras]
testing = ["argcomplete", "attrs (>=19.2.0)", "hypothesis (>=3.56)", "mock", "nose", "pygments (>=2.7.2)", "requests", "setuptools", "xmlschema"]

[[package]]
name = "pytz"
version = "2023.3.post1"
description = "World timezone definitions, modern and historical"
optional = false
python-versions = "*"
files = [
    {file = "pytz-2023.3.post1-py2.py3-none-any.whl", hash = "sha256:ce42d816b81b68506614c11e8937d3aa9e41007ceb50bfdcb0749b921bf646c7"},
    {file = "pytz-2023.3.post1.tar.gz", hash = "sha256:7b4fddbeb94a1eba4b557da24f19fdf9db575192544270a9101d8509f9f43d7b"},
]

[[package]]
name = "sqlparse"
version = "0.4.4"
description = "A non-validating SQL parser."
optional = false
python-versions = ">=3.5"
files = [
    {file = "sqlparse-0.4.4-py3-none-any.whl", hash = "sha256:5430a4fe2ac7d0f93e66f1efc6e1338a41884b7ddf2a350cedd20ccc4d9d28f3"},
    {file = "sqlparse-0.4.4.tar.gz", hash = "sha256:d446183e84b8349fa3061f0fe7f06ca94ba65b426946ffebe6e3e8295332420c"},
]

[package.extras]
dev = ["build", "flake8"]
doc = ["sphinx"]
test = ["pytest", "pytest-cov"]

[[package]]
name = "tomli"
version = "2.0.1"
description = "A lil' TOML parser"
optional = false
python-versions = ">=3.7"
files = [
    {file = "tomli-2.0.1-py3-none-any.whl", hash = "sha256:939de3e7a6161af0c887ef91b7d41a53e7c5a1ca976325f429cb46ea9bc30ecc"},
    {file = "tomli-2.0.1.tar.gz", hash = "sha256:de526c12914f0c550d15924c62d72abc48d6fe7364aa87328337a31007fe8a4f"},
]

[[package]]
name = "typing-extensions"
version = "4.8.0"
description = "Backported and Experimental Type Hints for Python 3.8+"
optional = false
python-versions = ">=3.8"
files = [
    {file = "typing_extensions-4.8.0-py3-none-any.whl", hash = "sha256:8f92fc8806f9a6b641eaa5318da32b44d401efaac0f6678c9bc448ba3605faa0"},
    {file = "typing_extensions-4.8.0.tar.gz", hash = "sha256:df8e4339e9cb77357558cbdbceca33c303714cf861d1eef15e1070055ae8b7ef"},
]

[metadata]
lock-version = "2.0"
python-versions = "^3.10"
content-hash = "ee6fa77bc9483b3e7ab544ffaf64594bfd3d5f8459d5469e33e061d4b8d80178"
